
Microsoft Visual Studio Solution File, Format Version 12.00
# Visual Studio 15
VisualStudioVersion = 15.0.28307.572
MinimumVisualStudioVersion = 10.0.40219.1
Project("{2150E333-8FDC-42A3-9474-1A3956D46DE8}") = "BC_Schedule", "BC_Schedule", "{EFA1E4B2-1471-4EF9-AADC-EB3772366BD8}"
EndProject
Project("{2150E333-8FDC-42A3-9474-1A3956D46DE8}") = "Data", "Data", "{141762CB-AD36-4C2B-B419-60C7E727487C}"
EndProject
Project("{2150E333-8FDC-42A3-9474-1A3956D46DE8}") = "Domain", "Domain", "{8C5AF08C-F1D9-4E6F-9081-1AE1531D71A3}"
EndProject
Project("{2150E333-8FDC-42A3-9474-1A3956D46DE8}") = "Tests", "Tests", "{82FB3AEA-E010-460D-A341-B1E4AD7DF5E0}"
EndProject
Project("{9A19103F-16F7-4668-BE54-9A1E7A4F7556}") = "Schedule.Domain", "Schedule.Domain\Schedule.Domain.csproj", "{969DAC8E-44E8-4A00-A699-22EC374BAA39}"
EndProject
Project("{9A19103F-16F7-4668-BE54-9A1E7A4F7556}") = "Schedule.Data", "Schedule.Data\Schedule.Data.csproj", "{038D3C4E-F971-474F-AF6D-92A78C8DCB24}"
EndProject
Project("{9A19103F-16F7-4668-BE54-9A1E7A4F7556}") = "Schedule.Data.IntegrationTests", "Schedule.Data.IntegrationTests\Schedule.Data.IntegrationTests.csproj", "{91EC10E2-283D-43F3-BD97-3E60377636A7}"
EndProject
Project("{2150E333-8FDC-42A3-9474-1A3956D46DE8}") = "SharedKernel", "SharedKernel", "{9F2B6017-84D2-40B5-83FA-0BAB62509BCE}"
EndProject
Project("{9A19103F-16F7-4668-BE54-9A1E7A4F7556}") = "SharedKernel", "SharedKernel\SharedKernel.csproj", "{DE93F9CC-C510-46F2-A2C6-4532BDA05B70}"
EndProject
Project("{9A19103F-16F7-4668-BE54-9A1E7A4F7556}") = "SharedKernel.Data", "SharedKernel.Data\SharedKernel.Data.csproj", "{0711F2B7-110E-406E-A4F0-665121DC7F1A}"
EndProject
Project("{9A19103F-16F7-4668-BE54-9A1E7A4F7556}") = "JBJJCoreApp.Web.ViewModels", "JBJJCoreApp.Web.ViewModels\JBJJCoreApp.Web.ViewModels.csproj", "{614DD746-4215-42E0-9E22-22D5CE02CF84}"
EndProject
Project("{9A19103F-16F7-4668-BE54-9A1E7A4F7556}") = "JBJJCoreApp.Web", "JBJJCoreApp.Web\JBJJCoreApp.Web.csproj", "{26D28771-7895-4970-BC58-B6DC5F541A4C}"
EndProject
Project("{2150E333-8FDC-42A3-9474-1A3956D46DE8}") = "BC_Student", "BC_Student", "{C633A743-55AB-453B-8A02-514B40045939}"
EndProject
Project("{2150E333-8FDC-42A3-9474-1A3956D46DE8}") = "Data", "Data", "{6F5997DE-A80E-4041-8445-D76CEA872CE6}"
EndProject
Project("{2150E333-8FDC-42A3-9474-1A3956D46DE8}") = "Domain", "Domain", "{4BB73B00-3B13-4C16-A1B3-614A482B7F95}"
EndProject
Project("{2150E333-8FDC-42A3-9474-1A3956D46DE8}") = "Tests", "Tests", "{35312469-4BD4-4E60-901E-BA92AE50C595}"
EndProject
Project("{FAE04EC0-301F-11D3-BF4B-00C04F79EFBC}") = "Student.Domain", "Student.Domain\Student.Domain.csproj", "{5568919D-6F38-4C46-BCBC-B301400F8B2D}"
EndProject
Project("{FAE04EC0-301F-11D3-BF4B-00C04F79EFBC}") = "Student.Data", "Student.Data\Student.Data.csproj", "{D6545E16-D564-4A77-B30F-53479D3F73AF}"
EndProject
Project("{FAE04EC0-301F-11D3-BF4B-00C04F79EFBC}") = "Student.Data.IntegrationTests", "Student.Data.IntegrationTests\Student.Data.IntegrationTests.csproj", "{E3EA99FB-FDEF-4694-82AC-BBD35A987548}"
EndProject
Global
	GlobalSection(SolutionConfigurationPlatforms) = preSolution
		Debug|Any CPU = Debug|Any CPU
		Release|Any CPU = Release|Any CPU
	EndGlobalSection
	GlobalSection(ProjectConfigurationPlatforms) = postSolution
		{969DAC8E-44E8-4A00-A699-22EC374BAA39}.Debug|Any CPU.ActiveCfg = Debug|Any CPU
		{969DAC8E-44E8-4A00-A699-22EC374BAA39}.Debug|Any CPU.Build.0 = Debug|Any CPU
		{969DAC8E-44E8-4A00-A699-22EC374BAA39}.Release|Any CPU.ActiveCfg = Release|Any CPU
		{969DAC8E-44E8-4A00-A699-22EC374BAA39}.Release|Any CPU.Build.0 = Release|Any CPU
		{038D3C4E-F971-474F-AF6D-92A78C8DCB24}.Debug|Any CPU.ActiveCfg = Debug|Any CPU
		{038D3C4E-F971-474F-AF6D-92A78C8DCB24}.Debug|Any CPU.Build.0 = Debug|Any CPU
		{038D3C4E-F971-474F-AF6D-92A78C8DCB24}.Release|Any CPU.ActiveCfg = Release|Any CPU
		{038D3C4E-F971-474F-AF6D-92A78C8DCB24}.Release|Any CPU.Build.0 = Release|Any CPU
		{91EC10E2-283D-43F3-BD97-3E60377636A7}.Debug|Any CPU.ActiveCfg = Debug|Any CPU
		{91EC10E2-283D-43F3-BD97-3E60377636A7}.Debug|Any CPU.Build.0 = Debug|Any CPU
		{91EC10E2-283D-43F3-BD97-3E60377636A7}.Release|Any CPU.ActiveCfg = Release|Any CPU
		{91EC10E2-283D-43F3-BD97-3E60377636A7}.Release|Any CPU.Build.0 = Release|Any CPU
		{DE93F9CC-C510-46F2-A2C6-4532BDA05B70}.Debug|Any CPU.ActiveCfg = Debug|Any CPU
		{DE93F9CC-C510-46F2-A2C6-4532BDA05B70}.Debug|Any CPU.Build.0 = Debug|Any CPU
		{DE93F9CC-C510-46F2-A2C6-4532BDA05B70}.Release|Any CPU.ActiveCfg = Release|Any CPU
		{DE93F9CC-C510-46F2-A2C6-4532BDA05B70}.Release|Any CPU.Build.0 = Release|Any CPU
		{0711F2B7-110E-406E-A4F0-665121DC7F1A}.Debug|Any CPU.ActiveCfg = Debug|Any CPU
		{0711F2B7-110E-406E-A4F0-665121DC7F1A}.Debug|Any CPU.Build.0 = Debug|Any CPU
		{0711F2B7-110E-406E-A4F0-665121DC7F1A}.Release|Any CPU.ActiveCfg = Release|Any CPU
		{0711F2B7-110E-406E-A4F0-665121DC7F1A}.Release|Any CPU.Build.0 = Release|Any CPU
		{614DD746-4215-42E0-9E22-22D5CE02CF84}.Debug|Any CPU.ActiveCfg = Debug|Any CPU
		{614DD746-4215-42E0-9E22-22D5CE02CF84}.Debug|Any CPU.Build.0 = Debug|Any CPU
		{614DD746-4215-42E0-9E22-22D5CE02CF84}.Release|Any CPU.ActiveCfg = Release|Any CPU
		{614DD746-4215-42E0-9E22-22D5CE02CF84}.Release|Any CPU.Build.0 = Release|Any CPU
		{26D28771-7895-4970-BC58-B6DC5F541A4C}.Debug|Any CPU.ActiveCfg = Debug|Any CPU
		{26D28771-7895-4970-BC58-B6DC5F541A4C}.Debug|Any CPU.Build.0 = Debug|Any CPU
		{26D28771-7895-4970-BC58-B6DC5F541A4C}.Release|Any CPU.ActiveCfg = Release|Any CPU
		{26D28771-7895-4970-BC58-B6DC5F541A4C}.Release|Any CPU.Build.0 = Release|Any CPU
		{5568919D-6F38-4C46-BCBC-B301400F8B2D}.Debug|Any CPU.ActiveCfg = Debug|Any CPU
		{5568919D-6F38-4C46-BCBC-B301400F8B2D}.Debug|Any CPU.Build.0 = Debug|Any CPU
		{5568919D-6F38-4C46-BCBC-B301400F8B2D}.Release|Any CPU.ActiveCfg = Release|Any CPU
		{5568919D-6F38-4C46-BCBC-B301400F8B2D}.Release|Any CPU.Build.0 = Release|Any CPU
		{D6545E16-D564-4A77-B30F-53479D3F73AF}.Debug|Any CPU.ActiveCfg = Debug|Any CPU
		{D6545E16-D564-4A77-B30F-53479D3F73AF}.Debug|Any CPU.Build.0 = Debug|Any CPU
		{D6545E16-D564-4A77-B30F-53479D3F73AF}.Release|Any CPU.ActiveCfg = Release|Any CPU
		{D6545E16-D564-4A77-B30F-53479D3F73AF}.Release|Any CPU.Build.0 = Release|Any CPU
		{E3EA99FB-FDEF-4694-82AC-BBD35A987548}.Debug|Any CPU.ActiveCfg = Debug|Any CPU
		{E3EA99FB-FDEF-4694-82AC-BBD35A987548}.Debug|Any CPU.Build.0 = Debug|Any CPU
		{E3EA99FB-FDEF-4694-82AC-BBD35A987548}.Release|Any CPU.ActiveCfg = Release|Any CPU
		{E3EA99FB-FDEF-4694-82AC-BBD35A987548}.Release|Any CPU.Build.0 = Release|Any CPU
	EndGlobalSection
	GlobalSection(SolutionProperties) = preSolution
		HideSolutionNode = FALSE
	EndGlobalSection
	GlobalSection(NestedProjects) = preSolution
		{141762CB-AD36-4C2B-B419-60C7E727487C} = {EFA1E4B2-1471-4EF9-AADC-EB3772366BD8}
		{8C5AF08C-F1D9-4E6F-9081-1AE1531D71A3} = {EFA1E4B2-1471-4EF9-AADC-EB3772366BD8}
		{82FB3AEA-E010-460D-A341-B1E4AD7DF5E0} = {EFA1E4B2-1471-4EF9-AADC-EB3772366BD8}
		{969DAC8E-44E8-4A00-A699-22EC374BAA39} = {8C5AF08C-F1D9-4E6F-9081-1AE1531D71A3}
		{038D3C4E-F971-474F-AF6D-92A78C8DCB24} = {141762CB-AD36-4C2B-B419-60C7E727487C}
		{91EC10E2-283D-43F3-BD97-3E60377636A7} = {82FB3AEA-E010-460D-A341-B1E4AD7DF5E0}
		{DE93F9CC-C510-46F2-A2C6-4532BDA05B70} = {9F2B6017-84D2-40B5-83FA-0BAB62509BCE}
		{0711F2B7-110E-406E-A4F0-665121DC7F1A} = {9F2B6017-84D2-40B5-83FA-0BAB62509BCE}
		{6F5997DE-A80E-4041-8445-D76CEA872CE6} = {C633A743-55AB-453B-8A02-514B40045939}
		{4BB73B00-3B13-4C16-A1B3-614A482B7F95} = {C633A743-55AB-453B-8A02-514B40045939}
		{35312469-4BD4-4E60-901E-BA92AE50C595} = {C633A743-55AB-453B-8A02-514B40045939}
		{5568919D-6F38-4C46-BCBC-B301400F8B2D} = {4BB73B00-3B13-4C16-A1B3-614A482B7F95}
		{D6545E16-D564-4A77-B30F-53479D3F73AF} = {6F5997DE-A80E-4041-8445-D76CEA872CE6}
		{E3EA99FB-FDEF-4694-82AC-BBD35A987548} = {35312469-4BD4-4E60-901E-BA92AE50C595}
	EndGlobalSection
	GlobalSection(ExtensibilityGlobals) = postSolution
		SolutionGuid = {D63CB471-8DCB-48A9-B548-6028B54658CE}
	EndGlobalSection
EndGlobal
